<?xml version="1.0" encoding="utf-8"?>
<Project ToolsVersion="4.0" xmlns="http://schemas.microsoft.com/developer/msbuild/2003">
  <ItemGroup>
    <Filter Include="Source Files">
      <UniqueIdentifier>{2c351aa4-e8f4-4bf9-b0c1-fbe83a34353a}</UniqueIdentifier>
      <Extensions>cpp;c;cxx;rc;def;r;odl;idl;hpj;bat</Extensions>
    </Filter>
    <Filter Include="Header Files">
      <UniqueIdentifier>{b8711b7b-83d3-4dff-b3da-b9760956284d}</UniqueIdentifier>
      <Extensions>h;hpp;hxx;hm;inl</Extensions>
    </Filter>
    <Filter Include="Resource Files">
      <UniqueIdentifier>{8599c890-43be-40ac-bf77-4e433b7e53e2}</UniqueIdentifier>
      <Extensions>ico;cur;bmp;dlg;rc2;rct;bin;rgs;gif;jpg;jpeg;jpe</Extensions>
    </Filter>
  </ItemGroup>
  <ItemGroup>
    <ClCompile Include="..\5200gfx.c">
      <Filter>Source Files</Filter>
    </ClCompile>
    <ClCompile Include="..\52emu.c">
      <Filter>Source Files</Filter>
    </ClCompile>
    <ClCompile Include="..\6502.c">
      <Filter>Source Files</Filter>
    </ClCompile>
    <ClCompile Include="6502dis.c">
      <Filter>Source Files</Filter>
    </ClCompile>
    <ClCompile Include="..\crc32.c">
      <Filter>Source Files</Filter>
    </ClCompile>
    <ClCompile Include="..\font5200.c">
      <Filter>Source Files</Filter>
    </ClCompile>
    <ClCompile Include="..\gamesave.c">
      <Filter>Source Files</Filter>
    </ClCompile>
    <ClCompile Include="main.c">
      <Filter>Source Files</Filter>
    </ClCompile>
    <ClCompile Include="..\pokey.c">
      <Filter>Source Files</Filter>
    </ClCompile>
  </ItemGroup>
  <ItemGroup>
    <ClInclude Include="..\5200.h">
      <Filter>Header Files</Filter>
    </ClInclude>
    <ClInclude Include="..\6502.h">
      <Filter>Header Files</Filter>
    </ClInclude>
    <ClInclude Include="..\colours.h">
      <Filter>Header Files</Filter>
    </ClInclude>
    <ClInclude Include="..\gamesave.h">
      <Filter>Header Files</Filter>
    </ClInclude>
    <ClInclude Include="..\global.h">
      <Filter>Header Files</Filter>
    </ClInclude>
    <ClInclude Include="main.h">
      <Filter>Header Files</Filter>
    </ClInclude>
    <ClInclude Include="..\osdepend.h">
      <Filter>Header Files</Filter>
    </ClInclude>
    <ClInclude Include="..\pokey.h">
      <Filter>Header Files</Filter>
    </ClInclude>
    <ClInclude Include="..\rom.h">
      <Filter>Header Files</Filter>
    </ClInclude>
  </ItemGroup>
  <ItemGroup>
    <Library Include="..\..\..\SDL-1.2.13\lib\SDL.lib" />
    <Library Include="..\..\..\SDL-1.2.13\lib\SDLmain.lib" />
  </ItemGroup>
</Project>